
Microsoft Visual Studio Solution File, Format Version 12.00
# Visual Studio Version 17
VisualStudioVersion = 17.2.32630.192
MinimumVisualStudioVersion = 10.0.40219.1
Project("{9A19103F-16F7-4668-BE54-9A1E7A4F7556}") = "PaySys.Server", "Server\PaySys.Server.csproj", "{B4AA0C53-D3F4-4508-A1AD-10C6F3511ED7}"
EndProject
Project("{9A19103F-16F7-4668-BE54-9A1E7A4F7556}") = "PaySys.Client", "Client\PaySys.Client.csproj", "{4469B4DC-6E82-4B72-BECD-E5249C4CFE99}"
EndProject
Project("{9A19103F-16F7-4668-BE54-9A1E7A4F7556}") = "PaySys.Shared", "Shared\PaySys.Shared.csproj", "{F3ED29E0-E33F-4CE1-BA03-4F65387D76DB}"
EndProject
Global
	GlobalSection(SolutionConfigurationPlatforms) = preSolution
		Debug|Any CPU = Debug|Any CPU
		Release|Any CPU = Release|Any CPU
	EndGlobalSection
	GlobalSection(ProjectConfigurationPlatforms) = postSolution
		{B4AA0C53-D3F4-4508-A1AD-10C6F3511ED7}.Debug|Any CPU.ActiveCfg = Debug|Any CPU
		{B4AA0C53-D3F4-4508-A1AD-10C6F3511ED7}.Debug|Any CPU.Build.0 = Debug|Any CPU
		{B4AA0C53-D3F4-4508-A1AD-10C6F3511ED7}.Release|Any CPU.ActiveCfg = Release|Any CPU
		{B4AA0C53-D3F4-4508-A1AD-10C6F3511ED7}.Release|Any CPU.Build.0 = Release|Any CPU
		{4469B4DC-6E82-4B72-BECD-E5249C4CFE99}.Debug|Any CPU.ActiveCfg = Debug|Any CPU
		{4469B4DC-6E82-4B72-BECD-E5249C4CFE99}.Debug|Any CPU.Build.0 = Debug|Any CPU
		{4469B4DC-6E82-4B72-BECD-E5249C4CFE99}.Release|Any CPU.ActiveCfg = Release|Any CPU
		{4469B4DC-6E82-4B72-BECD-E5249C4CFE99}.Release|Any CPU.Build.0 = Release|Any CPU
		{F3ED29E0-E33F-4CE1-BA03-4F65387D76DB}.Debug|Any CPU.ActiveCfg = Debug|Any CPU
		{F3ED29E0-E33F-4CE1-BA03-4F65387D76DB}.Debug|Any CPU.Build.0 = Debug|Any CPU
		{F3ED29E0-E33F-4CE1-BA03-4F65387D76DB}.Release|Any CPU.ActiveCfg = Release|Any CPU
		{F3ED29E0-E33F-4CE1-BA03-4F65387D76DB}.Release|Any CPU.Build.0 = Release|Any CPU
	EndGlobalSection
	GlobalSection(SolutionProperties) = preSolution
		HideSolutionNode = FALSE
	EndGlobalSection
	GlobalSection(ExtensibilityGlobals) = postSolution
		SolutionGuid = {BA91BF86-6D54-4EF1-B076-655ECD546673}
	EndGlobalSection
EndGlobal
